
Microsoft Visual Studio Solution File, Format Version 12.00
# Visual Studio Version 16
VisualStudioVersion = 16.0.32929.386
MinimumVisualStudioVersion = 10.0.40219.1
Project("{2150E333-8FDC-42A3-9474-1A3956D46DE8}") = "Task0", "Task0", "{D64D716E-0D20-4BCE-9560-46F182E3B916}"
EndProject
Project("{FAE04EC0-301F-11D3-BF4B-00C04F79EFBC}") = "Tyuiu.NosovaVD.Sprint1.Task0.V15", "Tyuiu.NosovaVD.Sprint1.Task0.V15\Tyuiu.NosovaVD.Sprint1.Task0.V15.csproj", "{36B52EC7-F5E1-4B47-A2A9-4399B20BC667}"
EndProject
Project("{FAE04EC0-301F-11D3-BF4B-00C04F79EFBC}") = "Tyuiu.NosovaVD.Sprint1.Task0.V15.Lib", "Tyuiu.NosovaVD.Sprint1.Task0.V15.Lib\Tyuiu.NosovaVD.Sprint1.Task0.V15.Lib.csproj", "{5F9D69B1-57BF-443E-8654-7F755BBE69AA}"
EndProject
Project("{FAE04EC0-301F-11D3-BF4B-00C04F79EFBC}") = "Tyuiu.NosovaVD.Sprint1.Task0.V15.Test", "Tyuiu.NosovaVD.Sprint1.Task0.V15.Test\Tyuiu.NosovaVD.Sprint1.Task0.V15.Test.csproj", "{F0107769-E0C9-4722-B4EC-A575D4B52A29}"
EndProject
Project("{2150E333-8FDC-42A3-9474-1A3956D46DE8}") = "Task1", "Task1", "{7E97F5B9-457E-44E1-AD38-27A262BF8349}"
EndProject
Project("{FAE04EC0-301F-11D3-BF4B-00C04F79EFBC}") = "Tyuiu.NosovaVD.Sprint1.Task1.V19", "Tyuiu.NosovaVD.Sprint1.Task1.V19\Tyuiu.NosovaVD.Sprint1.Task1.V19.csproj", "{60D5644F-9BD8-48AE-90B4-2C7A4F4BEF1C}"
EndProject
Project("{FAE04EC0-301F-11D3-BF4B-00C04F79EFBC}") = "Tyuiu.NosovaVD.Sprint1.Task1.V19.Lib", "Tyuiu.NosovaVD.Sprint1.Task1.V19.Lib\Tyuiu.NosovaVD.Sprint1.Task1.V19.Lib.csproj", "{146DAB20-FCF8-455F-8532-8273122E782A}"
EndProject
Project("{FAE04EC0-301F-11D3-BF4B-00C04F79EFBC}") = "Tyuiu.NosovaVD.Sprint1.Task1.V19.Test", "Tyuiu.NosovaVD.Sprint1.Task1.V19.Test\Tyuiu.NosovaVD.Sprint1.Task1.V19.Test.csproj", "{808EA098-6ABB-4DE0-8CB3-047496ADEE65}"
EndProject
Project("{2150E333-8FDC-42A3-9474-1A3956D46DE8}") = "Task2", "Task2", "{7EBF773E-36A6-4BD1-BD29-F8CCD56EFDF2}"
EndProject
Project("{FAE04EC0-301F-11D3-BF4B-00C04F79EFBC}") = "Tyuiu.NosovaVD.Sprint1.Task2.V28", "Tyuiu.NosovaVD.Sprint1.Task2.V28\Tyuiu.NosovaVD.Sprint1.Task2.V28.csproj", "{EA9E3914-5EC5-4530-8210-84D465B94BE2}"
EndProject
Project("{FAE04EC0-301F-11D3-BF4B-00C04F79EFBC}") = "Tyuiu.NosovaVD.Sprint1.Task2.V28.Lib", "Tyuiu.NosovaVD.Sprint1.Task2.V28.Lib\Tyuiu.NosovaVD.Sprint1.Task2.V28.Lib.csproj", "{6C5EF11C-3A41-434D-A149-883350606D43}"
EndProject
Project("{FAE04EC0-301F-11D3-BF4B-00C04F79EFBC}") = "Tyuiu.NosovaVD.Sprint1.Task2.V28.Test", "Tyuiu.NosovaVD.Sprint1.Task2.V28.Test\Tyuiu.NosovaVD.Sprint1.Task2.V28.Test.csproj", "{CC5E5120-E20D-4EB4-9A05-CD30B70DEFA8}"
EndProject
Project("{2150E333-8FDC-42A3-9474-1A3956D46DE8}") = "Task3", "Task3", "{0923699C-716C-4CA6-8F7D-EBD3ADEBBB81}"
EndProject
Project("{FAE04EC0-301F-11D3-BF4B-00C04F79EFBC}") = "Tyuiu.NosovaVD.Sprint1.Task3.V13", "Tyuiu.NosovaVD.Sprint1.Task3.V13\Tyuiu.NosovaVD.Sprint1.Task3.V13.csproj", "{D98BCDE2-C43E-46C6-8FE7-40C597E69DBC}"
EndProject
Project("{FAE04EC0-301F-11D3-BF4B-00C04F79EFBC}") = "Tyuiu.NosovaVD.Sprint1.Task3.V13.Lib", "Tyuiu.NosovaVD.Sprint1.Task3.V13.Lib\Tyuiu.NosovaVD.Sprint1.Task3.V13.Lib.csproj", "{DFF3A229-11F4-464D-BAD1-A8E0B60B7FFB}"
EndProject
Project("{FAE04EC0-301F-11D3-BF4B-00C04F79EFBC}") = "Tyuiu.NosovaVD.Sprint1.Task3.V13.Test", "Tyuiu.NosovaVD.Sprint1.Task3.V13.Test\Tyuiu.NosovaVD.Sprint1.Task3.V13.Test.csproj", "{25CDE3EA-95D2-400A-AD99-154FA41ECA66}"
EndProject
Project("{2150E333-8FDC-42A3-9474-1A3956D46DE8}") = "Task4", "Task4", "{9F1C71F6-6C76-4868-BF44-A084F8F7FA5B}"
EndProject
Project("{FAE04EC0-301F-11D3-BF4B-00C04F79EFBC}") = "Tyuiu.NosovaVD.Sprint1.Task4.V2", "Tyuiu.NosovaVD.Sprint1.Task4.V2\Tyuiu.NosovaVD.Sprint1.Task4.V2.csproj", "{2B4349E4-0456-4B1B-9D9D-ADCD37F92146}"
EndProject
Project("{FAE04EC0-301F-11D3-BF4B-00C04F79EFBC}") = "Tyuiu.NosovaVD.Sprint1.Task4.V2.Lib", "Tyuiu.NosovaVD.Sprint1.Task4.V2.Lib\Tyuiu.NosovaVD.Sprint1.Task4.V2.Lib.csproj", "{9E4B1FAB-768E-45B9-963A-ABEF22BFEC30}"
EndProject
Project("{FAE04EC0-301F-11D3-BF4B-00C04F79EFBC}") = "Tyuiu.NosovaVD.Sprint1.Task4.V2.Test", "Tyuiu.NosovaVD.Sprint1.Task4.V2.Test\Tyuiu.NosovaVD.Sprint1.Task4.V2.Test.csproj", "{599B66C5-7B01-4DAE-96B1-2543A0F507F4}"
EndProject
Project("{2150E333-8FDC-42A3-9474-1A3956D46DE8}") = "Task5", "Task5", "{C164B2D7-B0FD-460C-A4AC-372B03D6A983}"
EndProject
Project("{FAE04EC0-301F-11D3-BF4B-00C04F79EFBC}") = "Tyuiu.NosovaVD.Sprint1.Task5.V6", "Tyuiu.NosovaVD.Sprint1.Task5.V6\Tyuiu.NosovaVD.Sprint1.Task5.V6.csproj", "{4220252A-011D-4E89-AB07-230F9CA7DF81}"
EndProject
Project("{FAE04EC0-301F-11D3-BF4B-00C04F79EFBC}") = "Tyuiu.NosovaVD.Sprint1.Task5.V6.Lib", "Tyuiu.NosovaVD.Sprint1.Task5.V6.Lib\Tyuiu.NosovaVD.Sprint1.Task5.V6.Lib.csproj", "{59011BCD-F4F1-4853-B5A5-816CB00C24AA}"
EndProject
Project("{FAE04EC0-301F-11D3-BF4B-00C04F79EFBC}") = "Tyuiu.NosovaVD.Sprint1.Task5.V6.Test", "Tyuiu.NosovaVD.Sprint1.Task5.V6.Test\Tyuiu.NosovaVD.Sprint1.Task5.V6.Test.csproj", "{677AC5B7-F43D-4BB2-BBE3-2CD6E0C3767B}"
EndProject
Global
	GlobalSection(SolutionConfigurationPlatforms) = preSolution
		Debug|Any CPU = Debug|Any CPU
		Release|Any CPU = Release|Any CPU
	EndGlobalSection
	GlobalSection(ProjectConfigurationPlatforms) = postSolution
		{36B52EC7-F5E1-4B47-A2A9-4399B20BC667}.Debug|Any CPU.ActiveCfg = Debug|Any CPU
		{36B52EC7-F5E1-4B47-A2A9-4399B20BC667}.Debug|Any CPU.Build.0 = Debug|Any CPU
		{36B52EC7-F5E1-4B47-A2A9-4399B20BC667}.Release|Any CPU.ActiveCfg = Release|Any CPU
		{36B52EC7-F5E1-4B47-A2A9-4399B20BC667}.Release|Any CPU.Build.0 = Release|Any CPU
		{5F9D69B1-57BF-443E-8654-7F755BBE69AA}.Debug|Any CPU.ActiveCfg = Debug|Any CPU
		{5F9D69B1-57BF-443E-8654-7F755BBE69AA}.Debug|Any CPU.Build.0 = Debug|Any CPU
		{5F9D69B1-57BF-443E-8654-7F755BBE69AA}.Release|Any CPU.ActiveCfg = Release|Any CPU
		{5F9D69B1-57BF-443E-8654-7F755BBE69AA}.Release|Any CPU.Build.0 = Release|Any CPU
		{F0107769-E0C9-4722-B4EC-A575D4B52A29}.Debug|Any CPU.ActiveCfg = Debug|Any CPU
		{F0107769-E0C9-4722-B4EC-A575D4B52A29}.Debug|Any CPU.Build.0 = Debug|Any CPU
		{F0107769-E0C9-4722-B4EC-A575D4B52A29}.Release|Any CPU.ActiveCfg = Release|Any CPU
		{F0107769-E0C9-4722-B4EC-A575D4B52A29}.Release|Any CPU.Build.0 = Release|Any CPU
		{60D5644F-9BD8-48AE-90B4-2C7A4F4BEF1C}.Debug|Any CPU.ActiveCfg = Debug|Any CPU
		{60D5644F-9BD8-48AE-90B4-2C7A4F4BEF1C}.Debug|Any CPU.Build.0 = Debug|Any CPU
		{60D5644F-9BD8-48AE-90B4-2C7A4F4BEF1C}.Release|Any CPU.ActiveCfg = Release|Any CPU
		{60D5644F-9BD8-48AE-90B4-2C7A4F4BEF1C}.Release|Any CPU.Build.0 = Release|Any CPU
		{146DAB20-FCF8-455F-8532-8273122E782A}.Debug|Any CPU.ActiveCfg = Debug|Any CPU
		{146DAB20-FCF8-455F-8532-8273122E782A}.Debug|Any CPU.Build.0 = Debug|Any CPU
		{146DAB20-FCF8-455F-8532-8273122E782A}.Release|Any CPU.ActiveCfg = Release|Any CPU
		{146DAB20-FCF8-455F-8532-8273122E782A}.Release|Any CPU.Build.0 = Release|Any CPU
		{808EA098-6ABB-4DE0-8CB3-047496ADEE65}.Debug|Any CPU.ActiveCfg = Debug|Any CPU
		{808EA098-6ABB-4DE0-8CB3-047496ADEE65}.Debug|Any CPU.Build.0 = Debug|Any CPU
		{808EA098-6ABB-4DE0-8CB3-047496ADEE65}.Release|Any CPU.ActiveCfg = Release|Any CPU
		{808EA098-6ABB-4DE0-8CB3-047496ADEE65}.Release|Any CPU.Build.0 = Release|Any CPU
		{EA9E3914-5EC5-4530-8210-84D465B94BE2}.Debug|Any CPU.ActiveCfg = Debug|Any CPU
		{EA9E3914-5EC5-4530-8210-84D465B94BE2}.Debug|Any CPU.Build.0 = Debug|Any CPU
		{EA9E3914-5EC5-4530-8210-84D465B94BE2}.Release|Any CPU.ActiveCfg = Release|Any CPU
		{EA9E3914-5EC5-4530-8210-84D465B94BE2}.Release|Any CPU.Build.0 = Release|Any CPU
		{6C5EF11C-3A41-434D-A149-883350606D43}.Debug|Any CPU.ActiveCfg = Debug|Any CPU
		{6C5EF11C-3A41-434D-A149-883350606D43}.Debug|Any CPU.Build.0 = Debug|Any CPU
		{6C5EF11C-3A41-434D-A149-883350606D43}.Release|Any CPU.ActiveCfg = Release|Any CPU
		{6C5EF11C-3A41-434D-A149-883350606D43}.Release|Any CPU.Build.0 = Release|Any CPU
		{CC5E5120-E20D-4EB4-9A05-CD30B70DEFA8}.Debug|Any CPU.ActiveCfg = Debug|Any CPU
		{CC5E5120-E20D-4EB4-9A05-CD30B70DEFA8}.Debug|Any CPU.Build.0 = Debug|Any CPU
		{CC5E5120-E20D-4EB4-9A05-CD30B70DEFA8}.Release|Any CPU.ActiveCfg = Release|Any CPU
		{CC5E5120-E20D-4EB4-9A05-CD30B70DEFA8}.Release|Any CPU.Build.0 = Release|Any CPU
		{D98BCDE2-C43E-46C6-8FE7-40C597E69DBC}.Debug|Any CPU.ActiveCfg = Debug|Any CPU
		{D98BCDE2-C43E-46C6-8FE7-40C597E69DBC}.Debug|Any CPU.Build.0 = Debug|Any CPU
		{D98BCDE2-C43E-46C6-8FE7-40C597E69DBC}.Release|Any CPU.ActiveCfg = Release|Any CPU
		{D98BCDE2-C43E-46C6-8FE7-40C597E69DBC}.Release|Any CPU.Build.0 = Release|Any CPU
		{DFF3A229-11F4-464D-BAD1-A8E0B60B7FFB}.Debug|Any CPU.ActiveCfg = Debug|Any CPU
		{DFF3A229-11F4-464D-BAD1-A8E0B60B7FFB}.Debug|Any CPU.Build.0 = Debug|Any CPU
		{DFF3A229-11F4-464D-BAD1-A8E0B60B7FFB}.Release|Any CPU.ActiveCfg = Release|Any CPU
		{DFF3A229-11F4-464D-BAD1-A8E0B60B7FFB}.Release|Any CPU.Build.0 = Release|Any CPU
		{25CDE3EA-95D2-400A-AD99-154FA41ECA66}.Debug|Any CPU.ActiveCfg = Debug|Any CPU
		{25CDE3EA-95D2-400A-AD99-154FA41ECA66}.Debug|Any CPU.Build.0 = Debug|Any CPU
		{25CDE3EA-95D2-400A-AD99-154FA41ECA66}.Release|Any CPU.ActiveCfg = Release|Any CPU
		{25CDE3EA-95D2-400A-AD99-154FA41ECA66}.Release|Any CPU.Build.0 = Release|Any CPU
		{2B4349E4-0456-4B1B-9D9D-ADCD37F92146}.Debug|Any CPU.ActiveCfg = Debug|Any CPU
		{2B4349E4-0456-4B1B-9D9D-ADCD37F92146}.Debug|Any CPU.Build.0 = Debug|Any CPU
		{2B4349E4-0456-4B1B-9D9D-ADCD37F92146}.Release|Any CPU.ActiveCfg = Release|Any CPU
		{2B4349E4-0456-4B1B-9D9D-ADCD37F92146}.Release|Any CPU.Build.0 = Release|Any CPU
		{9E4B1FAB-768E-45B9-963A-ABEF22BFEC30}.Debug|Any CPU.ActiveCfg = Debug|Any CPU
		{9E4B1FAB-768E-45B9-963A-ABEF22BFEC30}.Debug|Any CPU.Build.0 = Debug|Any CPU
		{9E4B1FAB-768E-45B9-963A-ABEF22BFEC30}.Release|Any CPU.ActiveCfg = Release|Any CPU
		{9E4B1FAB-768E-45B9-963A-ABEF22BFEC30}.Release|Any CPU.Build.0 = Release|Any CPU
		{599B66C5-7B01-4DAE-96B1-2543A0F507F4}.Debug|Any CPU.ActiveCfg = Debug|Any CPU
		{599B66C5-7B01-4DAE-96B1-2543A0F507F4}.Debug|Any CPU.Build.0 = Debug|Any CPU
		{599B66C5-7B01-4DAE-96B1-2543A0F507F4}.Release|Any CPU.ActiveCfg = Release|Any CPU
		{599B66C5-7B01-4DAE-96B1-2543A0F507F4}.Release|Any CPU.Build.0 = Release|Any CPU
		{4220252A-011D-4E89-AB07-230F9CA7DF81}.Debug|Any CPU.ActiveCfg = Debug|Any CPU
		{4220252A-011D-4E89-AB07-230F9CA7DF81}.Debug|Any CPU.Build.0 = Debug|Any CPU
		{4220252A-011D-4E89-AB07-230F9CA7DF81}.Release|Any CPU.ActiveCfg = Release|Any CPU
		{4220252A-011D-4E89-AB07-230F9CA7DF81}.Release|Any CPU.Build.0 = Release|Any CPU
		{59011BCD-F4F1-4853-B5A5-816CB00C24AA}.Debug|Any CPU.ActiveCfg = Debug|Any CPU
		{59011BCD-F4F1-4853-B5A5-816CB00C24AA}.Debug|Any CPU.Build.0 = Debug|Any CPU
		{59011BCD-F4F1-4853-B5A5-816CB00C24AA}.Release|Any CPU.ActiveCfg = Release|Any CPU
		{59011BCD-F4F1-4853-B5A5-816CB00C24AA}.Release|Any CPU.Build.0 = Release|Any CPU
		{677AC5B7-F43D-4BB2-BBE3-2CD6E0C3767B}.Debug|Any CPU.ActiveCfg = Debug|Any CPU
		{677AC5B7-F43D-4BB2-BBE3-2CD6E0C3767B}.Debug|Any CPU.Build.0 = Debug|Any CPU
		{677AC5B7-F43D-4BB2-BBE3-2CD6E0C3767B}.Release|Any CPU.ActiveCfg = Release|Any CPU
		{677AC5B7-F43D-4BB2-BBE3-2CD6E0C3767B}.Release|Any CPU.Build.0 = Release|Any CPU
	EndGlobalSection
	GlobalSection(SolutionProperties) = preSolution
		HideSolutionNode = FALSE
	EndGlobalSection
	GlobalSection(NestedProjects) = preSolution
		{36B52EC7-F5E1-4B47-A2A9-4399B20BC667} = {D64D716E-0D20-4BCE-9560-46F182E3B916}
		{5F9D69B1-57BF-443E-8654-7F755BBE69AA} = {D64D716E-0D20-4BCE-9560-46F182E3B916}
		{F0107769-E0C9-4722-B4EC-A575D4B52A29} = {D64D716E-0D20-4BCE-9560-46F182E3B916}
		{60D5644F-9BD8-48AE-90B4-2C7A4F4BEF1C} = {7E97F5B9-457E-44E1-AD38-27A262BF8349}
		{146DAB20-FCF8-455F-8532-8273122E782A} = {7E97F5B9-457E-44E1-AD38-27A262BF8349}
		{808EA098-6ABB-4DE0-8CB3-047496ADEE65} = {7E97F5B9-457E-44E1-AD38-27A262BF8349}
		{EA9E3914-5EC5-4530-8210-84D465B94BE2} = {7EBF773E-36A6-4BD1-BD29-F8CCD56EFDF2}
		{6C5EF11C-3A41-434D-A149-883350606D43} = {7EBF773E-36A6-4BD1-BD29-F8CCD56EFDF2}
		{CC5E5120-E20D-4EB4-9A05-CD30B70DEFA8} = {7EBF773E-36A6-4BD1-BD29-F8CCD56EFDF2}
		{D98BCDE2-C43E-46C6-8FE7-40C597E69DBC} = {0923699C-716C-4CA6-8F7D-EBD3ADEBBB81}
		{DFF3A229-11F4-464D-BAD1-A8E0B60B7FFB} = {0923699C-716C-4CA6-8F7D-EBD3ADEBBB81}
		{25CDE3EA-95D2-400A-AD99-154FA41ECA66} = {0923699C-716C-4CA6-8F7D-EBD3ADEBBB81}
		{2B4349E4-0456-4B1B-9D9D-ADCD37F92146} = {9F1C71F6-6C76-4868-BF44-A084F8F7FA5B}
		{9E4B1FAB-768E-45B9-963A-ABEF22BFEC30} = {9F1C71F6-6C76-4868-BF44-A084F8F7FA5B}
		{599B66C5-7B01-4DAE-96B1-2543A0F507F4} = {9F1C71F6-6C76-4868-BF44-A084F8F7FA5B}
		{4220252A-011D-4E89-AB07-230F9CA7DF81} = {C164B2D7-B0FD-460C-A4AC-372B03D6A983}
		{59011BCD-F4F1-4853-B5A5-816CB00C24AA} = {C164B2D7-B0FD-460C-A4AC-372B03D6A983}
		{677AC5B7-F43D-4BB2-BBE3-2CD6E0C3767B} = {C164B2D7-B0FD-460C-A4AC-372B03D6A983}
	EndGlobalSection
	GlobalSection(ExtensibilityGlobals) = postSolution
		SolutionGuid = {1E81B51D-3799-481B-A6A6-122F57E777FD}
	EndGlobalSection
EndGlobal
